// !$*UTF8*$!
{
	archiveVersion = 1;
	classes = {
	};
	objectVersion = 56;
	objects = {

/* Begin PBXBuildFile section */
		BD860D012A6708DC00AFF4FF /* Persistence.swift in Sources */ = {isa = PBXBuildFile; fileRef = BD860D002A6708DC00AFF4FF /* Persistence.swift */; };
		BD860D042A670B1200AFF4FF /* toDoListApp.xcdatamodeld in Sources */ = {isa = PBXBuildFile; fileRef = BD860D022A670B1200AFF4FF /* toDoListApp.xcdatamodeld */; };
		BDED47122A61D07500AEA16C /* toDoListAppApp.swift in Sources */ = {isa = PBXBuildFile; fileRef = BDED47112A61D07500AEA16C /* toDoListAppApp.swift */; };
		BDED47142A61D07500AEA16C /* ContentView.swift in Sources */ = {isa = PBXBuildFile; fileRef = BDED47132A61D07500AEA16C /* ContentView.swift */; };
		BDED47162A61D07600AEA16C /* Assets.xcassets in Resources */ = {isa = PBXBuildFile; fileRef = BDED47152A61D07600AEA16C /* Assets.xcassets */; };
		BDED47192A61D07600AEA16C /* Preview Assets.xcassets in Resources */ = {isa = PBXBuildFile; fileRef = BDED47182A61D07600AEA16C /* Preview Assets.xcassets */; };
		BDED47202A61D10C00AEA16C /* ToDoItem.swift in Sources */ = {isa = PBXBuildFile; fileRef = BDED471F2A61D10C00AEA16C /* ToDoItem.swift */; };
		BDED47242A61D53900AEA16C /* NewToDoView.swift in Sources */ = {isa = PBXBuildFile; fileRef = BDED47232A61D53900AEA16C /* NewToDoView.swift */; };
/* End PBXBuildFile section */

/* Begin PBXFileReference section */
		BD860D002A6708DC00AFF4FF /* Persistence.swift */ = {isa = PBXFileReference; lastKnownFileType = sourcecode.swift; path = Persistence.swift; sourceTree = "<group>"; };
		BD860D032A670B1200AFF4FF /* toDoListApp.xcdatamodel */ = {isa = PBXFileReference; lastKnownFileType = wrapper.xcdatamodel; path = toDoListApp.xcdatamodel; sourceTree = "<group>"; };
		BDED470E2A61D07500AEA16C /* toDoListApp.app */ = {isa = PBXFileReference; explicitFileType = wrapper.application; includeInIndex = 0; path = toDoListApp.app; sourceTree = BUILT_PRODUCTS_DIR; };
		BDED47112A61D07500AEA16C /* toDoListAppApp.swift */ = {isa = PBXFileReference; lastKnownFileType = sourcecode.swift; path = toDoListAppApp.swift; sourceTree = "<group>"; };
		BDED47132A61D07500AEA16C /* ContentView.swift */ = {isa = PBXFileReference; lastKnownFileType = sourcecode.swift; path = ContentView.swift; sourceTree = "<group>"; };
		BDED47152A61D07600AEA16C /* Assets.xcassets */ = {isa = PBXFileReference; lastKnownFileType = folder.assetcatalog; path = Assets.xcassets; sourceTree = "<group>"; };
		BDED47182A61D07600AEA16C /* Preview Assets.xcassets */ = {isa = PBXFileReference; lastKnownFileType = folder.assetcatalog; path = "Preview Assets.xcassets"; sourceTree = "<group>"; };
		BDED471F2A61D10C00AEA16C /* ToDoItem.swift */ = {isa = PBXFileReference; lastKnownFileType = sourcecode.swift; path = ToDoItem.swift; sourceTree = "<group>"; };
		BDED47232A61D53900AEA16C /* NewToDoView.swift */ = {isa = PBXFileReference; lastKnownFileType = sourcecode.swift; path = NewToDoView.swift; sourceTree = "<group>"; };
/* End PBXFileReference section */

/* Begin PBXFrameworksBuildPhase section */
		BDED470B2A61D07500AEA16C /* Frameworks */ = {
			isa = PBXFrameworksBuildPhase;
			buildActionMask = 2147483647;
			files = (
			);
			runOnlyForDeploymentPostprocessing = 0;
		};
/* End PBXFrameworksBuildPhase section */

/* Begin PBXGroup section */
		BDED47052A61D07500AEA16C = {
			isa = PBXGroup;
			children = (
				BDED47102A61D07500AEA16C /* toDoListApp */,
				BDED470F2A61D07500AEA16C /* Products */,
			);
			sourceTree = "<group>";
		};
		BDED470F2A61D07500AEA16C /* Products */ = {
			isa = PBXGroup;
			children = (
				BDED470E2A61D07500AEA16C /* toDoListApp.app */,
			);
			name = Products;
			sourceTree = "<group>";
		};
		BDED47102A61D07500AEA16C /* toDoListApp */ = {
			isa = PBXGroup;
			children = (
				BDED47112A61D07500AEA16C /* toDoListAppApp.swift */,
				BDED47132A61D07500AEA16C /* ContentView.swift */,
				BD860D002A6708DC00AFF4FF /* Persistence.swift */,
				BDED47232A61D53900AEA16C /* NewToDoView.swift */,
				BDED471F2A61D10C00AEA16C /* ToDoItem.swift */,
				BDED47152A61D07600AEA16C /* Assets.xcassets */,
				BDED47172A61D07600AEA16C /* Preview Content */,
				BD860D022A670B1200AFF4FF /* toDoListApp.xcdatamodeld */,
			);
			path = toDoListApp;
			sourceTree = "<group>";
		};
		BDED47172A61D07600AEA16C /* Preview Content */ = {
			isa = PBXGroup;
			children = (
				BDED47182A61D07600AEA16C /* Preview Assets.xcassets */,
			);
			path = "Preview Content";
			sourceTree = "<group>";
		};
/* End PBXGroup section */

/* Begin PBXNativeTarget section */
		BDED470D2A61D07500AEA16C /* toDoListApp */ = {
			isa = PBXNativeTarget;
			buildConfigurationList = BDED471C2A61D07600AEA16C /* Build configuration list for PBXNativeTarget "toDoListApp" */;
			buildPhases = (
				BDED470A2A61D07500AEA16C /* Sources */,
				BDED470B2A61D07500AEA16C /* Frameworks */,
				BDED470C2A61D07500AEA16C /* Resources */,
			);
			buildRules = (
			);
			dependencies = (
			);
			name = toDoListApp;
			productName = toDoListApp;
			productReference = BDED470E2A61D07500AEA16C /* toDoListApp.app */;
			productType = "com.apple.product-type.application";
		};
/* End PBXNativeTarget section */

/* Begin PBXProject section */
		BDED47062A61D07500AEA16C /* Project object */ = {
			isa = PBXProject;
			attributes = {
				BuildIndependentTargetsInParallel = 1;
				LastSwiftUpdateCheck = 1430;
				LastUpgradeCheck = 1430;
				TargetAttributes = {
					BDED470D2A61D07500AEA16C = {
						CreatedOnToolsVersion = 14.3.1;
					};
				};
			};
			buildConfigurationList = BDED47092A61D07500AEA16C /* Build configuration list for PBXProject "toDoListApp" */;
			compatibilityVersion = "Xcode 14.0";
			developmentRegion = en;
			hasScannedForEncodings = 0;
			knownRegions = (
				en,
				Base,
			);
			mainGroup = BDED47052A61D07500AEA16C;
			productRefGroup = BDED470F2A61D07500AEA16C /* Products */;
			projectDirPath = "";
			projectRoot = "";
			targets = (
				BDED470D2A61D07500AEA16C /* toDoListApp */,
			);
		};
/* End PBXProject section */

/* Begin PBXResourcesBuildPhase section */
		BDED470C2A61D07500AEA16C /* Resources */ = {
			isa = PBXResourcesBuildPhase;
			buildActionMask = 2147483647;
			files = (
				BDED47192A61D07600AEA16C /* Preview Assets.xcassets in Resources */,
				BDED47162A61D07600AEA16C /* Assets.xcassets in Resources */,
			);
			runOnlyForDeploymentPostprocessing = 0;
		};
/* End PBXResourcesBuildPhase section */

/* Begin PBXSourcesBuildPhase section */
		BDED470A2A61D07500AEA16C /* Sources */ = {
			isa = PBXSourcesBuildPhase;
			buildActionMask = 2147483647;
			files = (
				BDED47142A61D07500AEA16C /* ContentView.swift in Sources */,
				BD860D042A670B1200AFF4FF /* toDoListApp.xcdatamodeld in Sources */,
				BDED47202A61D10C00AEA16C /* ToDoItem.swift in Sources */,
				BDED47122A61D07500AEA16C /* toDoListAppApp.swift in Sources */,
				BDED47242A61D53900AEA16C /* NewToDoView.swift in Sources */,
				BD860D012A6708DC00AFF4FF /* Persistence.swift in Sources */,
			);
			runOnlyForDeploymentPostprocessing = 0;
		};
/* End PBXSourcesBuildPhase section */

/* Begin XCBuildConfiguration section */
		BDED471A2A61D07600AEA16C /* Debug */ = {
			isa = XCBuildConfiguration;
			buildSettings = {
				ALWAYS_SEARCH_USER_PATHS = NO;
				CLANG_ANALYZER_NONNULL = YES;
				CLANG_ANALYZER_NUMBER_OBJECT_CONVERSION = YES_AGGRESSIVE;
				CLANG_CXX_LANGUAGE_STANDARD = "gnu++20";
				CLANG_ENABLE_MODULES = YES;
				CLANG_ENABLE_OBJC_ARC = YES;
				CLANG_ENABLE_OBJC_WEAK = YES;
				CLANG_WARN_BLOCK_CAPTURE_AUTORELEASING = YES;
				CLANG_WARN_BOOL_CONVERSION = YES;
				CLANG_WARN_COMMA = YES;
				CLANG_WARN_CONSTANT_CONVERSION = YES;
				CLANG_WARN_DEPRECATED_OBJC_IMPLEMENTATIONS = YES;
				CLANG_WARN_DIRECT_OBJC_ISA_USAGE = YES_ERROR;
				CLANG_WARN_DOCUMENTATION_COMMENTS = YES;
				CLANG_WARN_EMPTY_BODY = YES;
				CLANG_WARN_ENUM_CONVERSION = YES;
				CLANG_WARN_INFINITE_RECURSION = YES;
				CLANG_WARN_INT_CONVERSION = YES;
				CLANG_WARN_NON_LITERAL_NULL_CONVERSION = YES;
				CLANG_WARN_OBJC_IMPLICIT_RETAIN_SELF = YES;
				CLANG_WARN_OBJC_LITERAL_CONVERSION = YES;
				CLANG_WARN_OBJC_ROOT_CLASS = YES_ERROR;
				CLANG_WARN_QUOTED_INCLUDE_IN_FRAMEWORK_HEADER = YES;
				CLANG_WARN_RANGE_LOOP_ANALYSIS = YES;
				CLANG_WARN_STRICT_PROTOTYPES = YES;
				CLANG_WARN_SUSPICIOUS_MOVE = YES;
				CLANG_WARN_UNGUARDED_AVAILABILITY = YES_AGGRESSIVE;
				CLANG_WARN_UNREACHABLE_CODE = YES;
				CLANG_WARN__DUPLICATE_METHOD_MATCH = YES;
				COPY_PHASE_STRIP = NO;
				DEBUG_INFORMATION_FORMAT = dwarf;
				ENABLE_STRICT_OBJC_MSGSEND = YES;
				ENABLE_TESTABILITY = YES;
				GCC_C_LANGUAGE_STANDARD = gnu11;
				GCC_DYNAMIC_NO_PIC = NO;
				GCC_NO_COMMON_BLOCKS = YES;
				GCC_OPTIMIZATION_LEVEL = 0;
				GCC_PREPROCESSOR_DEFINITIONS = (
					"DEBUG=1",
					"$(inherited)",
				);
				GCC_WARN_64_TO_32_BIT_CONVERSION = YES;
				GCC_WARN_ABOUT_RETURN_TYPE = YES_ERROR;
				GCC_WARN_UNDECLARED_SELECTOR = YES;
				GCC_WARN_UNINITIALIZED_AUTOS = YES_AGGRESSIVE;
				GCC_WARN_UNUSED_FUNCTION = YES;
				GCC_WARN_UNUSED_VARIABLE = YES;
				IPHONEOS_DEPLOYMENT_TARGET = 16.4;
				MTL_ENABLE_DEBUG_INFO = INCLUDE_SOURCE;
				MTL_FAST_MATH = YES;
				ONLY_ACTIVE_ARCH = YES;
				SDKROOT = iphoneos;
				SWIFT_ACTIVE_COMPILATION_CONDITIONS = DEBUG;
				SWIFT_OPTIMIZATION_LEVEL = "-Onone";
			};
			name = Debug;
		};
		BDED471B2A61D07600AEA16C /* Release */ = {
			isa = XCBuildConfiguration;
			buildSettings = {
				ALWAYS_SEARCH_USER_PATHS = NO;
				CLANG_ANALYZER_NONNULL = YES;
				CLANG_ANALYZER_NUMBER_OBJECT_CONVERSION = YES_AGGRESSIVE;
				CLANG_CXX_LANGUAGE_STANDARD = "gnu++20";
				CLANG_ENABLE_MODULES = YES;
				CLANG_ENABLE_OBJC_ARC = YES;
				CLANG_ENABLE_OBJC_WEAK = YES;
				CLANG_WARN_BLOCK_CAPTURE_AUTORELEASING = YES;
				CLANG_WARN_BOOL_CONVERSION = YES;
				CLANG_WARN_COMMA = YES;
				CLANG_WARN_CONSTANT_CONVERSION = YES;
				CLANG_WARN_DEPRECATED_OBJC_IMPLEMENTATIONS = YES;
				CLANG_WARN_DIRECT_OBJC_ISA_USAGE = YES_ERROR;
				CLANG_WARN_DOCUMENTATION_COMMENTS = YES;
				CLANG_WARN_EMPTY_BODY = YES;
				CLANG_WARN_ENUM_CONVERSION = YES;
				CLANG_WARN_INFINITE_RECURSION = YES;
				CLANG_WARN_INT_CONVERSION = YES;
				CLANG_WARN_NON_LITERAL_NULL_CONVERSION = YES;
				CLANG_WARN_OBJC_IMPLICIT_RETAIN_SELF = YES;
				CLANG_WARN_OBJC_LITERAL_CONVERSION = YES;
				CLANG_WARN_OBJC_ROOT_CLASS = YES_ERROR;
				CLANG_WARN_QUOTED_INCLUDE_IN_FRAMEWORK_HEADER = YES;
				CLANG_WARN_RANGE_LOOP_ANALYSIS = YES;
				CLANG_WARN_STRICT_PROTOTYPES = YES;
				CLANG_WARN_SUSPICIOUS_MOVE = YES;
				CLANG_WARN_UNGUARDED_AVAILABILITY = YES_AGGRESSIVE;
				CLANG_WARN_UNREACHABLE_CODE = YES;
				CLANG_WARN__DUPLICATE_METHOD_MATCH = YES;
				COPY_PHASE_STRIP = NO;
				DEBUG_INFORMATION_FORMAT = "dwarf-with-dsym";
				ENABLE_NS_ASSERTIONS = NO;
				ENABLE_STRICT_OBJC_MSGSEND = YES;
				GCC_C_LANGUAGE_STANDARD = gnu11;
				GCC_NO_COMMON_BLOCKS = YES;
				GCC_WARN_64_TO_32_BIT_CONVERSION = YES;
				GCC_WARN_ABOUT_RETURN_TYPE = YES_ERROR;
				GCC_WARN_UNDECLARED_SELECTOR = YES;
				GCC_WARN_UNINITIALIZED_AUTOS = YES_AGGRESSIVE;
				GCC_WARN_UNUSED_FUNCTION = YES;
				GCC_WARN_UNUSED_VARIABLE = YES;
				IPHONEOS_DEPLOYMENT_TARGET = 16.4;
				MTL_ENABLE_DEBUG_INFO = NO;
				MTL_FAST_MATH = YES;
				SDKROOT = iphoneos;
				SWIFT_COMPILATION_MODE = wholemodule;
				SWIFT_OPTIMIZATION_LEVEL = "-O";
				VALIDATE_PRODUCT = YES;
			};
			name = Release;
		};
		BDED471D2A61D07600AEA16C /* Debug */ = {
			isa = XCBuildConfiguration;
			buildSettings = {
				ASSETCATALOG_COMPILER_APPICON_NAME = AppIcon;
				ASSETCATALOG_COMPILER_GLOBAL_ACCENT_COLOR_NAME = AccentColor;
				CODE_SIGN_STYLE = Automatic;
				CURRENT_PROJECT_VERSION = 1;
				DEVELOPMENT_ASSET_PATHS = "\"toDoListApp/Preview Content\"";
				ENABLE_PREVIEWS = YES;
				GENERATE_INFOPLIST_FILE = YES;
				INFOPLIST_KEY_UIApplicationSceneManifest_Generation = YES;
				INFOPLIST_KEY_UIApplicationSupportsIndirectInputEvents = YES;
				INFOPLIST_KEY_UILaunchScreen_Generation = YES;
				INFOPLIST_KEY_UISupportedInterfaceOrientations_iPad = "UIInterfaceOrientationPortrait UIInterfaceOrientationPortraitUpsideDown UIInterfaceOrientationLandscapeLeft UIInterfaceOrientationLandscapeRight";
				INFOPLIST_KEY_UISupportedInterfaceOrientations_iPhone = "UIInterfaceOrientationPortrait UIInterfaceOrientationLandscapeLeft UIInterfaceOrientationLandscapeRight";
				LD_RUNPATH_SEARCH_PATHS = (
					"$(inherited)",
					"@executable_path/Frameworks",
				);
				MARKETING_VERSION = 1.0;
				PRODUCT_BUNDLE_IDENTIFIER = KWK.toDoListApp;
				PRODUCT_NAME = "$(TARGET_NAME)";
				SWIFT_EMIT_LOC_STRINGS = YES;
				SWIFT_VERSION = 5.0;
				TARGETED_DEVICE_FAMILY = "1,2";
			};
			name = Debug;
		};
		BDED471E2A61D07600AEA16C /* Release */ = {
			isa = XCBuildConfiguration;
			buildSettings = {
				ASSETCATALOG_COMPILER_APPICON_NAME = AppIcon;
				ASSETCATALOG_COMPILER_GLOBAL_ACCENT_COLOR_NAME = AccentColor;
				CODE_SIGN_STYLE = Automatic;
				CURRENT_PROJECT_VERSION = 1;
				DEVELOPMENT_ASSET_PATHS = "\"toDoListApp/Preview Content\"";
				ENABLE_PREVIEWS = YES;
				GENERATE_INFOPLIST_FILE = YES;
				INFOPLIST_KEY_UIApplicationSceneManifest_Generation = YES;
				INFOPLIST_KEY_UIApplicationSupportsIndirectInputEvents = YES;
				INFOPLIST_KEY_UILaunchScreen_Generation = YES;
				INFOPLIST_KEY_UISupportedInterfaceOrientations_iPad = "UIInterfaceOrientationPortrait UIInterfaceOrientationPortraitUpsideDown UIInterfaceOrientationLandscapeLeft UIInterfaceOrientationLandscapeRight";
				INFOPLIST_KEY_UISupportedInterfaceOrientations_iPhone = "UIInterfaceOrientationPortrait UIInterfaceOrientationLandscapeLeft UIInterfaceOrientationLandscapeRight";
				LD_RUNPATH_SEARCH_PATHS = (
					"$(inherited)",
					"@executable_path/Frameworks",
				);
				MARKETING_VERSION = 1.0;
				PRODUCT_BUNDLE_IDENTIFIER = KWK.toDoListApp;
				PRODUCT_NAME = "$(TARGET_NAME)";
				SWIFT_EMIT_LOC_STRINGS = YES;
				SWIFT_VERSION = 5.0;
				TARGETED_DEVICE_FAMILY = "1,2";
			};
			name = Release;
		};
/* End XCBuildConfiguration section */

/* Begin XCConfigurationList section */
		BDED47092A61D07500AEA16C /* Build configuration list for PBXProject "toDoListApp" */ = {
			isa = XCConfigurationList;
			buildConfigurations = (
				BDED471A2A61D07600AEA16C /* Debug */,
				BDED471B2A61D07600AEA16C /* Release */,
			);
			defaultConfigurationIsVisible = 0;
			defaultConfigurationName = Release;
		};
		BDED471C2A61D07600AEA16C /* Build configuration list for PBXNativeTarget "toDoListApp" */ = {
			isa = XCConfigurationList;
			buildConfigurations = (
				BDED471D2A61D07600AEA16C /* Debug */,
				BDED471E2A61D07600AEA16C /* Release */,
			);
			defaultConfigurationIsVisible = 0;
			defaultConfigurationName = Release;
		};
/* End XCConfigurationList section */

/* Begin XCVersionGroup section */
		BD860D022A670B1200AFF4FF /* toDoListApp.xcdatamodeld */ = {
			isa = XCVersionGroup;
			children = (
				BD860D032A670B1200AFF4FF /* toDoListApp.xcdatamodel */,
			);
			currentVersion = BD860D032A670B1200AFF4FF /* toDoListApp.xcdatamodel */;
			path = toDoListApp.xcdatamodeld;
			sourceTree = "<group>";
			versionGroupType = wrapper.xcdatamodel;
		};
/* End XCVersionGroup section */
	};
	rootObject = BDED47062A61D07500AEA16C /* Project object */;
}
